
Microsoft Visual Studio Solution File, Format Version 12.00
# Visual Studio 2013
VisualStudioVersion = 12.0.31101.0
MinimumVisualStudioVersion = 10.0.40219.1
Project("{2150E333-8FDC-42A3-9474-1A3956D46DE8}") = "Solution Items", "Solution Items", "{FD587145-CF13-4F24-9E0E-71F2B0FA6954}"
	ProjectSection(SolutionItems) = preProject
		gepsio.shfbproj = gepsio.shfbproj
		gepsio.vsmdi = gepsio.vsmdi
		gepsio10.vsmdi = gepsio10.vsmdi
		gepsio11.vsmdi = gepsio11.vsmdi
		gepsio12.vsmdi = gepsio12.vsmdi
		gepsio13.vsmdi = gepsio13.vsmdi
		gepsio3.vsmdi = gepsio3.vsmdi
		gepsio7.vsmdi = gepsio7.vsmdi
		gepsio8.vsmdi = gepsio8.vsmdi
		gepsio9.vsmdi = gepsio9.vsmdi
		LocalTestRun.testrunconfig = LocalTestRun.testrunconfig
		Performance1.psess = Performance1.psess
	EndProjectSection
EndProject
Project("{FAE04EC0-301F-11D3-BF4B-00C04F79EFBC}") = "JeffFerguson.Gepsio", "JeffFerguson.Gepsio\JeffFerguson.Gepsio.csproj", "{A567264B-3053-4DAA-B601-AAC3DFC94FBB}"
EndProject
Project("{FAE04EC0-301F-11D3-BF4B-00C04F79EFBC}") = "JeffFerguson.Test.Gepsio", "JeffFerguson.Test.Gepsio\JeffFerguson.Test.Gepsio.csproj", "{4120550C-951A-46FE-BEE8-85EFE39AFF6D}"
EndProject
Global
	GlobalSection(TeamFoundationVersionControl) = preSolution
		SccNumberOfProjects = 3
		SccEnterpriseProvider = {4CA58AB2-18FA-4F8D-95D4-32DDF27D184C}
		SccTeamFoundationServer = https://tfs.codeplex.com/tfs/tfs06
		SccLocalPath0 = .
		SccProjectUniqueName1 = JeffFerguson.Gepsio\\JeffFerguson.Gepsio.csproj
		SccProjectName1 = JeffFerguson.Gepsio
		SccLocalPath1 = JeffFerguson.Gepsio
		SccProjectUniqueName2 = JeffFerguson.Test.Gepsio\\JeffFerguson.Test.Gepsio.csproj
		SccProjectName2 = JeffFerguson.Test.Gepsio
		SccLocalPath2 = JeffFerguson.Test.Gepsio
	EndGlobalSection
	GlobalSection(SolutionConfigurationPlatforms) = preSolution
		Debug|Any CPU = Debug|Any CPU
		Debug|Mixed Platforms = Debug|Mixed Platforms
		Debug|Win32 = Debug|Win32
		Release|Any CPU = Release|Any CPU
		Release|Mixed Platforms = Release|Mixed Platforms
		Release|Win32 = Release|Win32
	EndGlobalSection
	GlobalSection(ProjectConfigurationPlatforms) = postSolution
		{A567264B-3053-4DAA-B601-AAC3DFC94FBB}.Debug|Any CPU.ActiveCfg = Debug|Any CPU
		{A567264B-3053-4DAA-B601-AAC3DFC94FBB}.Debug|Any CPU.Build.0 = Debug|Any CPU
		{A567264B-3053-4DAA-B601-AAC3DFC94FBB}.Debug|Mixed Platforms.ActiveCfg = Debug|Any CPU
		{A567264B-3053-4DAA-B601-AAC3DFC94FBB}.Debug|Mixed Platforms.Build.0 = Debug|Any CPU
		{A567264B-3053-4DAA-B601-AAC3DFC94FBB}.Debug|Win32.ActiveCfg = Debug|Any CPU
		{A567264B-3053-4DAA-B601-AAC3DFC94FBB}.Release|Any CPU.ActiveCfg = Release|Any CPU
		{A567264B-3053-4DAA-B601-AAC3DFC94FBB}.Release|Any CPU.Build.0 = Release|Any CPU
		{A567264B-3053-4DAA-B601-AAC3DFC94FBB}.Release|Mixed Platforms.ActiveCfg = Release|Any CPU
		{A567264B-3053-4DAA-B601-AAC3DFC94FBB}.Release|Mixed Platforms.Build.0 = Release|Any CPU
		{A567264B-3053-4DAA-B601-AAC3DFC94FBB}.Release|Win32.ActiveCfg = Release|Any CPU
		{4120550C-951A-46FE-BEE8-85EFE39AFF6D}.Debug|Any CPU.ActiveCfg = Debug|Any CPU
		{4120550C-951A-46FE-BEE8-85EFE39AFF6D}.Debug|Any CPU.Build.0 = Debug|Any CPU
		{4120550C-951A-46FE-BEE8-85EFE39AFF6D}.Debug|Mixed Platforms.ActiveCfg = Debug|Any CPU
		{4120550C-951A-46FE-BEE8-85EFE39AFF6D}.Debug|Mixed Platforms.Build.0 = Debug|Any CPU
		{4120550C-951A-46FE-BEE8-85EFE39AFF6D}.Debug|Win32.ActiveCfg = Debug|Any CPU
		{4120550C-951A-46FE-BEE8-85EFE39AFF6D}.Release|Any CPU.ActiveCfg = Release|Any CPU
		{4120550C-951A-46FE-BEE8-85EFE39AFF6D}.Release|Any CPU.Build.0 = Release|Any CPU
		{4120550C-951A-46FE-BEE8-85EFE39AFF6D}.Release|Mixed Platforms.ActiveCfg = Release|Any CPU
		{4120550C-951A-46FE-BEE8-85EFE39AFF6D}.Release|Mixed Platforms.Build.0 = Release|Any CPU
		{4120550C-951A-46FE-BEE8-85EFE39AFF6D}.Release|Win32.ActiveCfg = Release|Any CPU
	EndGlobalSection
	GlobalSection(SolutionProperties) = preSolution
		HideSolutionNode = FALSE
	EndGlobalSection
	GlobalSection(Performance) = preSolution
		HasPerformanceSessions = true
	EndGlobalSection
	GlobalSection(TestCaseManagementSettings) = postSolution
		CategoryFile = gepsio13.vsmdi
	EndGlobalSection
EndGlobal
